// !$*UTF8*$!
{
	archiveVersion = 1;
	classes = {
	};
	objectVersion = 56;
	objects = {

/* Begin PBXBuildFile section */
		4E4B0F092C6033DF00CF82D3 /* NotificationService.swift in Sources */ = {isa = PBXBuildFile; fileRef = 4E4B0F082C6033DF00CF82D3 /* NotificationService.swift */; };
		4E4B0F0D2C6033DF00CF82D3 /* NotificationService.appex in Embed Foundation Extensions */ = {isa = PBXBuildFile; fileRef = 4E4B0F062C6033DF00CF82D3 /* NotificationService.appex */; settings = {ATTRIBUTES = (RemoveHeadersOnCopy, ); }; };
		4E4B0F132C60343B00CF82D3 /* OrttoPushMessagingAPNS in Frameworks */ = {isa = PBXBuildFile; productRef = 4E4B0F122C60343B00CF82D3 /* OrttoPushMessagingAPNS */; };
		4ECAA91D2C5B23D300F7A31E /* ortto_ios_demo_appApp.swift in Sources */ = {isa = PBXBuildFile; fileRef = 4ECAA91C2C5B23D300F7A31E /* ortto_ios_demo_appApp.swift */; };
		4ECAA91F2C5B23D300F7A31E /* ContentView.swift in Sources */ = {isa = PBXBuildFile; fileRef = 4ECAA91E2C5B23D300F7A31E /* ContentView.swift */; };
		4ECAA9212C5B23D400F7A31E /* Assets.xcassets in Resources */ = {isa = PBXBuildFile; fileRef = 4ECAA9202C5B23D400F7A31E /* Assets.xcassets */; };
		4ECAA9252C5B23D400F7A31E /* Preview Assets.xcassets in Resources */ = {isa = PBXBuildFile; fileRef = 4ECAA9242C5B23D400F7A31E /* Preview Assets.xcassets */; };
		4ECAA92F2C5B23D500F7A31E /* ortto_ios_demo_appTests.swift in Sources */ = {isa = PBXBuildFile; fileRef = 4ECAA92E2C5B23D500F7A31E /* ortto_ios_demo_appTests.swift */; };
		4ECAA9392C5B23D500F7A31E /* ortto_ios_demo_appUITests.swift in Sources */ = {isa = PBXBuildFile; fileRef = 4ECAA9382C5B23D500F7A31E /* ortto_ios_demo_appUITests.swift */; };
		4ECAA93B2C5B23D500F7A31E /* ortto_ios_demo_appUITestsLaunchTests.swift in Sources */ = {isa = PBXBuildFile; fileRef = 4ECAA93A2C5B23D500F7A31E /* ortto_ios_demo_appUITestsLaunchTests.swift */; };
		4ECAA94F2C5B260600F7A31E /* AppDelegate.swift in Sources */ = {isa = PBXBuildFile; fileRef = 4ECAA94E2C5B260600F7A31E /* AppDelegate.swift */; };
		4ECAA9582C5B56C800F7A31E /* OrttoPushMessagingAPNS in Frameworks */ = {isa = PBXBuildFile; productRef = 4ECAA9572C5B56C800F7A31E /* OrttoPushMessagingAPNS */; };
		4ECAA95A2C5B56C800F7A31E /* OrttoSDKCore in Frameworks */ = {isa = PBXBuildFile; productRef = 4ECAA9592C5B56C800F7A31E /* OrttoSDKCore */; };
/* End PBXBuildFile section */

/* Begin PBXContainerItemProxy section */
		4E4B0F0B2C6033DF00CF82D3 /* PBXContainerItemProxy */ = {
			isa = PBXContainerItemProxy;
			containerPortal = 4ECAA9112C5B23D300F7A31E /* Project object */;
			proxyType = 1;
			remoteGlobalIDString = 4E4B0F052C6033DF00CF82D3;
			remoteInfo = NotificationService;
		};
		4ECAA92B2C5B23D500F7A31E /* PBXContainerItemProxy */ = {
			isa = PBXContainerItemProxy;
			containerPortal = 4ECAA9112C5B23D300F7A31E /* Project object */;
			proxyType = 1;
			remoteGlobalIDString = 4ECAA9182C5B23D300F7A31E;
			remoteInfo = "ortto-ios-demo-app";
		};
		4ECAA9352C5B23D500F7A31E /* PBXContainerItemProxy */ = {
			isa = PBXContainerItemProxy;
			containerPortal = 4ECAA9112C5B23D300F7A31E /* Project object */;
			proxyType = 1;
			remoteGlobalIDString = 4ECAA9182C5B23D300F7A31E;
			remoteInfo = "ortto-ios-demo-app";
		};
/* End PBXContainerItemProxy section */

/* Begin PBXCopyFilesBuildPhase section */
		4E4B0F0E2C6033DF00CF82D3 /* Embed Foundation Extensions */ = {
			isa = PBXCopyFilesBuildPhase;
			buildActionMask = 2147483647;
			dstPath = "";
			dstSubfolderSpec = 13;
			files = (
				4E4B0F0D2C6033DF00CF82D3 /* NotificationService.appex in Embed Foundation Extensions */,
			);
			name = "Embed Foundation Extensions";
			runOnlyForDeploymentPostprocessing = 0;
		};
/* End PBXCopyFilesBuildPhase section */

/* Begin PBXFileReference section */
		4E4B0F062C6033DF00CF82D3 /* NotificationService.appex */ = {isa = PBXFileReference; explicitFileType = "wrapper.app-extension"; includeInIndex = 0; path = NotificationService.appex; sourceTree = BUILT_PRODUCTS_DIR; };
		4E4B0F082C6033DF00CF82D3 /* NotificationService.swift */ = {isa = PBXFileReference; lastKnownFileType = sourcecode.swift; path = NotificationService.swift; sourceTree = "<group>"; };
		4E4B0F0A2C6033DF00CF82D3 /* Info.plist */ = {isa = PBXFileReference; lastKnownFileType = text.plist.xml; path = Info.plist; sourceTree = "<group>"; };
		4E4B0F142C603B1400CF82D3 /* NotificationService.entitlements */ = {isa = PBXFileReference; lastKnownFileType = text.plist.entitlements; path = NotificationService.entitlements; sourceTree = "<group>"; };
		4ECAA9192C5B23D300F7A31E /* ortto-ios-demo-app.app */ = {isa = PBXFileReference; explicitFileType = wrapper.application; includeInIndex = 0; path = "ortto-ios-demo-app.app"; sourceTree = BUILT_PRODUCTS_DIR; };
		4ECAA91C2C5B23D300F7A31E /* ortto_ios_demo_appApp.swift */ = {isa = PBXFileReference; lastKnownFileType = sourcecode.swift; path = ortto_ios_demo_appApp.swift; sourceTree = "<group>"; };
		4ECAA91E2C5B23D300F7A31E /* ContentView.swift */ = {isa = PBXFileReference; lastKnownFileType = sourcecode.swift; path = ContentView.swift; sourceTree = "<group>"; };
		4ECAA9202C5B23D400F7A31E /* Assets.xcassets */ = {isa = PBXFileReference; lastKnownFileType = folder.assetcatalog; path = Assets.xcassets; sourceTree = "<group>"; };
		4ECAA9222C5B23D400F7A31E /* ortto_ios_demo_app.entitlements */ = {isa = PBXFileReference; lastKnownFileType = text.plist.entitlements; path = ortto_ios_demo_app.entitlements; sourceTree = "<group>"; };
		4ECAA9242C5B23D400F7A31E /* Preview Assets.xcassets */ = {isa = PBXFileReference; lastKnownFileType = folder.assetcatalog; path = "Preview Assets.xcassets"; sourceTree = "<group>"; };
		4ECAA92A2C5B23D500F7A31E /* ortto-ios-demo-appTests.xctest */ = {isa = PBXFileReference; explicitFileType = wrapper.cfbundle; includeInIndex = 0; path = "ortto-ios-demo-appTests.xctest"; sourceTree = BUILT_PRODUCTS_DIR; };
		4ECAA92E2C5B23D500F7A31E /* ortto_ios_demo_appTests.swift */ = {isa = PBXFileReference; lastKnownFileType = sourcecode.swift; path = ortto_ios_demo_appTests.swift; sourceTree = "<group>"; };
		4ECAA9342C5B23D500F7A31E /* ortto-ios-demo-appUITests.xctest */ = {isa = PBXFileReference; explicitFileType = wrapper.cfbundle; includeInIndex = 0; path = "ortto-ios-demo-appUITests.xctest"; sourceTree = BUILT_PRODUCTS_DIR; };
		4ECAA9382C5B23D500F7A31E /* ortto_ios_demo_appUITests.swift */ = {isa = PBXFileReference; lastKnownFileType = sourcecode.swift; path = ortto_ios_demo_appUITests.swift; sourceTree = "<group>"; };
		4ECAA93A2C5B23D500F7A31E /* ortto_ios_demo_appUITestsLaunchTests.swift */ = {isa = PBXFileReference; lastKnownFileType = sourcecode.swift; path = ortto_ios_demo_appUITestsLaunchTests.swift; sourceTree = "<group>"; };
		4ECAA94E2C5B260600F7A31E /* AppDelegate.swift */ = {isa = PBXFileReference; lastKnownFileType = sourcecode.swift; path = AppDelegate.swift; sourceTree = "<group>"; };
		4ECAA9552C5B56A200F7A31E /* ios-sdk */ = {isa = PBXFileReference; lastKnownFileType = wrapper; name = "ios-sdk"; path = "../../ios-sdk"; sourceTree = "<group>"; };
/* End PBXFileReference section */

/* Begin PBXFrameworksBuildPhase section */
		4E4B0F032C6033DF00CF82D3 /* Frameworks */ = {
			isa = PBXFrameworksBuildPhase;
			buildActionMask = 2147483647;
			files = (
				4E4B0F132C60343B00CF82D3 /* OrttoPushMessagingAPNS in Frameworks */,
			);
			runOnlyForDeploymentPostprocessing = 0;
		};
		4ECAA9162C5B23D300F7A31E /* Frameworks */ = {
			isa = PBXFrameworksBuildPhase;
			buildActionMask = 2147483647;
			files = (
				4ECAA9582C5B56C800F7A31E /* OrttoPushMessagingAPNS in Frameworks */,
				4ECAA95A2C5B56C800F7A31E /* OrttoSDKCore in Frameworks */,
			);
			runOnlyForDeploymentPostprocessing = 0;
		};
		4ECAA9272C5B23D500F7A31E /* Frameworks */ = {
			isa = PBXFrameworksBuildPhase;
			buildActionMask = 2147483647;
			files = (
			);
			runOnlyForDeploymentPostprocessing = 0;
		};
		4ECAA9312C5B23D500F7A31E /* Frameworks */ = {
			isa = PBXFrameworksBuildPhase;
			buildActionMask = 2147483647;
			files = (
			);
			runOnlyForDeploymentPostprocessing = 0;
		};
/* End PBXFrameworksBuildPhase section */

/* Begin PBXGroup section */
		4E4B0F072C6033DF00CF82D3 /* NotificationService */ = {
			isa = PBXGroup;
			children = (
				4E4B0F142C603B1400CF82D3 /* NotificationService.entitlements */,
				4E4B0F082C6033DF00CF82D3 /* NotificationService.swift */,
				4E4B0F0A2C6033DF00CF82D3 /* Info.plist */,
			);
			path = NotificationService;
			sourceTree = "<group>";
		};
		4ECAA9102C5B23D300F7A31E = {
			isa = PBXGroup;
			children = (
				4ECAA9552C5B56A200F7A31E /* ios-sdk */,
				4ECAA91B2C5B23D300F7A31E /* ortto-ios-demo-app */,
				4ECAA92D2C5B23D500F7A31E /* ortto-ios-demo-appTests */,
				4ECAA9372C5B23D500F7A31E /* ortto-ios-demo-appUITests */,
				4E4B0F072C6033DF00CF82D3 /* NotificationService */,
				4ECAA91A2C5B23D300F7A31E /* Products */,
				4ECAA9562C5B56C800F7A31E /* Frameworks */,
			);
			sourceTree = "<group>";
		};
		4ECAA91A2C5B23D300F7A31E /* Products */ = {
			isa = PBXGroup;
			children = (
				4ECAA9192C5B23D300F7A31E /* ortto-ios-demo-app.app */,
				4ECAA92A2C5B23D500F7A31E /* ortto-ios-demo-appTests.xctest */,
				4ECAA9342C5B23D500F7A31E /* ortto-ios-demo-appUITests.xctest */,
				4E4B0F062C6033DF00CF82D3 /* NotificationService.appex */,
			);
			name = Products;
			sourceTree = "<group>";
		};
		4ECAA91B2C5B23D300F7A31E /* ortto-ios-demo-app */ = {
			isa = PBXGroup;
			children = (
				4ECAA91C2C5B23D300F7A31E /* ortto_ios_demo_appApp.swift */,
				4ECAA91E2C5B23D300F7A31E /* ContentView.swift */,
				4ECAA9202C5B23D400F7A31E /* Assets.xcassets */,
				4ECAA9222C5B23D400F7A31E /* ortto_ios_demo_app.entitlements */,
				4ECAA9232C5B23D400F7A31E /* Preview Content */,
				4ECAA94E2C5B260600F7A31E /* AppDelegate.swift */,
			);
			path = "ortto-ios-demo-app";
			sourceTree = "<group>";
		};
		4ECAA9232C5B23D400F7A31E /* Preview Content */ = {
			isa = PBXGroup;
			children = (
				4ECAA9242C5B23D400F7A31E /* Preview Assets.xcassets */,
			);
			path = "Preview Content";
			sourceTree = "<group>";
		};
		4ECAA92D2C5B23D500F7A31E /* ortto-ios-demo-appTests */ = {
			isa = PBXGroup;
			children = (
				4ECAA92E2C5B23D500F7A31E /* ortto_ios_demo_appTests.swift */,
			);
			path = "ortto-ios-demo-appTests";
			sourceTree = "<group>";
		};
		4ECAA9372C5B23D500F7A31E /* ortto-ios-demo-appUITests */ = {
			isa = PBXGroup;
			children = (
				4ECAA9382C5B23D500F7A31E /* ortto_ios_demo_appUITests.swift */,
				4ECAA93A2C5B23D500F7A31E /* ortto_ios_demo_appUITestsLaunchTests.swift */,
			);
			path = "ortto-ios-demo-appUITests";
			sourceTree = "<group>";
		};
		4ECAA9562C5B56C800F7A31E /* Frameworks */ = {
			isa = PBXGroup;
			children = (
			);
			name = Frameworks;
			sourceTree = "<group>";
		};
/* End PBXGroup section */

/* Begin PBXNativeTarget section */
		4E4B0F052C6033DF00CF82D3 /* NotificationService */ = {
			isa = PBXNativeTarget;
			buildConfigurationList = 4E4B0F112C6033DF00CF82D3 /* Build configuration list for PBXNativeTarget "NotificationService" */;
			buildPhases = (
				4E4B0F022C6033DF00CF82D3 /* Sources */,
				4E4B0F032C6033DF00CF82D3 /* Frameworks */,
				4E4B0F042C6033DF00CF82D3 /* Resources */,
			);
			buildRules = (
			);
			dependencies = (
			);
			name = NotificationService;
			packageProductDependencies = (
				4E4B0F122C60343B00CF82D3 /* OrttoPushMessagingAPNS */,
			);
			productName = NotificationService;
			productReference = 4E4B0F062C6033DF00CF82D3 /* NotificationService.appex */;
			productType = "com.apple.product-type.app-extension";
		};
		4ECAA9182C5B23D300F7A31E /* ortto-ios-demo-app */ = {
			isa = PBXNativeTarget;
			buildConfigurationList = 4ECAA93E2C5B23D500F7A31E /* Build configuration list for PBXNativeTarget "ortto-ios-demo-app" */;
			buildPhases = (
				4ECAA9152C5B23D300F7A31E /* Sources */,
				4ECAA9162C5B23D300F7A31E /* Frameworks */,
				4ECAA9172C5B23D300F7A31E /* Resources */,
				4E4B0F0E2C6033DF00CF82D3 /* Embed Foundation Extensions */,
			);
			buildRules = (
			);
			dependencies = (
				4E4B0F0C2C6033DF00CF82D3 /* PBXTargetDependency */,
			);
			name = "ortto-ios-demo-app";
			packageProductDependencies = (
				4ECAA9572C5B56C800F7A31E /* OrttoPushMessagingAPNS */,
				4ECAA9592C5B56C800F7A31E /* OrttoSDKCore */,
			);
			productName = "ortto-ios-demo-app";
			productReference = 4ECAA9192C5B23D300F7A31E /* ortto-ios-demo-app.app */;
			productType = "com.apple.product-type.application";
		};
		4ECAA9292C5B23D500F7A31E /* ortto-ios-demo-appTests */ = {
			isa = PBXNativeTarget;
			buildConfigurationList = 4ECAA9412C5B23D500F7A31E /* Build configuration list for PBXNativeTarget "ortto-ios-demo-appTests" */;
			buildPhases = (
				4ECAA9262C5B23D500F7A31E /* Sources */,
				4ECAA9272C5B23D500F7A31E /* Frameworks */,
				4ECAA9282C5B23D500F7A31E /* Resources */,
			);
			buildRules = (
			);
			dependencies = (
				4ECAA92C2C5B23D500F7A31E /* PBXTargetDependency */,
			);
			name = "ortto-ios-demo-appTests";
			productName = "ortto-ios-demo-appTests";
			productReference = 4ECAA92A2C5B23D500F7A31E /* ortto-ios-demo-appTests.xctest */;
			productType = "com.apple.product-type.bundle.unit-test";
		};
		4ECAA9332C5B23D500F7A31E /* ortto-ios-demo-appUITests */ = {
			isa = PBXNativeTarget;
			buildConfigurationList = 4ECAA9442C5B23D500F7A31E /* Build configuration list for PBXNativeTarget "ortto-ios-demo-appUITests" */;
			buildPhases = (
				4ECAA9302C5B23D500F7A31E /* Sources */,
				4ECAA9312C5B23D500F7A31E /* Frameworks */,
				4ECAA9322C5B23D500F7A31E /* Resources */,
			);
			buildRules = (
			);
			dependencies = (
				4ECAA9362C5B23D500F7A31E /* PBXTargetDependency */,
			);
			name = "ortto-ios-demo-appUITests";
			productName = "ortto-ios-demo-appUITests";
			productReference = 4ECAA9342C5B23D500F7A31E /* ortto-ios-demo-appUITests.xctest */;
			productType = "com.apple.product-type.bundle.ui-testing";
		};
/* End PBXNativeTarget section */

/* Begin PBXProject section */
		4ECAA9112C5B23D300F7A31E /* Project object */ = {
			isa = PBXProject;
			attributes = {
				BuildIndependentTargetsInParallel = 1;
				LastSwiftUpdateCheck = 1540;
				LastUpgradeCheck = 1540;
				TargetAttributes = {
					4E4B0F052C6033DF00CF82D3 = {
						CreatedOnToolsVersion = 15.4;
					};
					4ECAA9182C5B23D300F7A31E = {
						CreatedOnToolsVersion = 15.4;
					};
					4ECAA9292C5B23D500F7A31E = {
						CreatedOnToolsVersion = 15.4;
						TestTargetID = 4ECAA9182C5B23D300F7A31E;
					};
					4ECAA9332C5B23D500F7A31E = {
						CreatedOnToolsVersion = 15.4;
						TestTargetID = 4ECAA9182C5B23D300F7A31E;
					};
				};
			};
			buildConfigurationList = 4ECAA9142C5B23D300F7A31E /* Build configuration list for PBXProject "ortto-ios-demo-app" */;
			compatibilityVersion = "Xcode 14.0";
			developmentRegion = en;
			hasScannedForEncodings = 0;
			knownRegions = (
				en,
				Base,
			);
			mainGroup = 4ECAA9102C5B23D300F7A31E;
			packageReferences = (
			);
			productRefGroup = 4ECAA91A2C5B23D300F7A31E /* Products */;
			projectDirPath = "";
			projectRoot = "";
			targets = (
				4ECAA9182C5B23D300F7A31E /* ortto-ios-demo-app */,
				4ECAA9292C5B23D500F7A31E /* ortto-ios-demo-appTests */,
				4ECAA9332C5B23D500F7A31E /* ortto-ios-demo-appUITests */,
				4E4B0F052C6033DF00CF82D3 /* NotificationService */,
			);
		};
/* End PBXProject section */

/* Begin PBXResourcesBuildPhase section */
		4E4B0F042C6033DF00CF82D3 /* Resources */ = {
			isa = PBXResourcesBuildPhase;
			buildActionMask = 2147483647;
			files = (
			);
			runOnlyForDeploymentPostprocessing = 0;
		};
		4ECAA9172C5B23D300F7A31E /* Resources */ = {
			isa = PBXResourcesBuildPhase;
			buildActionMask = 2147483647;
			files = (
				4ECAA9252C5B23D400F7A31E /* Preview Assets.xcassets in Resources */,
				4ECAA9212C5B23D400F7A31E /* Assets.xcassets in Resources */,
			);
			runOnlyForDeploymentPostprocessing = 0;
		};
		4ECAA9282C5B23D500F7A31E /* Resources */ = {
			isa = PBXResourcesBuildPhase;
			buildActionMask = 2147483647;
			files = (
			);
			runOnlyForDeploymentPostprocessing = 0;
		};
		4ECAA9322C5B23D500F7A31E /* Resources */ = {
			isa = PBXResourcesBuildPhase;
			buildActionMask = 2147483647;
			files = (
			);
			runOnlyForDeploymentPostprocessing = 0;
		};
/* End PBXResourcesBuildPhase section */

/* Begin PBXSourcesBuildPhase section */
		4E4B0F022C6033DF00CF82D3 /* Sources */ = {
			isa = PBXSourcesBuildPhase;
			buildActionMask = 2147483647;
			files = (
				4E4B0F092C6033DF00CF82D3 /* NotificationService.swift in Sources */,
			);
			runOnlyForDeploymentPostprocessing = 0;
		};
		4ECAA9152C5B23D300F7A31E /* Sources */ = {
			isa = PBXSourcesBuildPhase;
			buildActionMask = 2147483647;
			files = (
				4ECAA94F2C5B260600F7A31E /* AppDelegate.swift in Sources */,
				4ECAA91F2C5B23D300F7A31E /* ContentView.swift in Sources */,
				4ECAA91D2C5B23D300F7A31E /* ortto_ios_demo_appApp.swift in Sources */,
			);
			runOnlyForDeploymentPostprocessing = 0;
		};
		4ECAA9262C5B23D500F7A31E /* Sources */ = {
			isa = PBXSourcesBuildPhase;
			buildActionMask = 2147483647;
			files = (
				4ECAA92F2C5B23D500F7A31E /* ortto_ios_demo_appTests.swift in Sources */,
			);
			runOnlyForDeploymentPostprocessing = 0;
		};
		4ECAA9302C5B23D500F7A31E /* Sources */ = {
			isa = PBXSourcesBuildPhase;
			buildActionMask = 2147483647;
			files = (
				4ECAA93B2C5B23D500F7A31E /* ortto_ios_demo_appUITestsLaunchTests.swift in Sources */,
				4ECAA9392C5B23D500F7A31E /* ortto_ios_demo_appUITests.swift in Sources */,
			);
			runOnlyForDeploymentPostprocessing = 0;
		};
/* End PBXSourcesBuildPhase section */

/* Begin PBXTargetDependency section */
		4E4B0F0C2C6033DF00CF82D3 /* PBXTargetDependency */ = {
			isa = PBXTargetDependency;
			target = 4E4B0F052C6033DF00CF82D3 /* NotificationService */;
			targetProxy = 4E4B0F0B2C6033DF00CF82D3 /* PBXContainerItemProxy */;
		};
		4ECAA92C2C5B23D500F7A31E /* PBXTargetDependency */ = {
			isa = PBXTargetDependency;
			target = 4ECAA9182C5B23D300F7A31E /* ortto-ios-demo-app */;
			targetProxy = 4ECAA92B2C5B23D500F7A31E /* PBXContainerItemProxy */;
		};
		4ECAA9362C5B23D500F7A31E /* PBXTargetDependency */ = {
			isa = PBXTargetDependency;
			target = 4ECAA9182C5B23D300F7A31E /* ortto-ios-demo-app */;
			targetProxy = 4ECAA9352C5B23D500F7A31E /* PBXContainerItemProxy */;
		};
/* End PBXTargetDependency section */

/* Begin XCBuildConfiguration section */
		4E4B0F0F2C6033DF00CF82D3 /* Debug */ = {
			isa = XCBuildConfiguration;
			buildSettings = {
				CODE_SIGN_ENTITLEMENTS = NotificationService/NotificationService.entitlements;
				CODE_SIGN_STYLE = Automatic;
				CURRENT_PROJECT_VERSION = 1;
				DEVELOPMENT_TEAM = W36N65RH8S;
				GENERATE_INFOPLIST_FILE = YES;
				INFOPLIST_FILE = NotificationService/Info.plist;
				INFOPLIST_KEY_CFBundleDisplayName = NotificationService;
				INFOPLIST_KEY_NSHumanReadableCopyright = "";
				IPHONEOS_DEPLOYMENT_TARGET = 17.5;
				LD_RUNPATH_SEARCH_PATHS = (
					"$(inherited)",
					"@executable_path/Frameworks",
					"@executable_path/../../Frameworks",
				);
				MARKETING_VERSION = 1.0;
				PRODUCT_BUNDLE_IDENTIFIER = "autopilot3.ortto-ios-demo-app.NotificationService";
				PRODUCT_NAME = "$(TARGET_NAME)";
				SDKROOT = iphoneos;
				SKIP_INSTALL = YES;
				SUPPORTED_PLATFORMS = "iphoneos iphonesimulator";
				SUPPORTS_MACCATALYST = NO;
				SUPPORTS_MAC_DESIGNED_FOR_IPHONE_IPAD = NO;
				SUPPORTS_XR_DESIGNED_FOR_IPHONE_IPAD = NO;
				SWIFT_EMIT_LOC_STRINGS = YES;
				SWIFT_VERSION = 5.0;
				TARGETED_DEVICE_FAMILY = 1;
			};
			name = Debug;
		};
		4E4B0F102C6033DF00CF82D3 /* Release */ = {
			isa = XCBuildConfiguration;
			buildSettings = {
				CODE_SIGN_ENTITLEMENTS = NotificationService/NotificationService.entitlements;
				CODE_SIGN_STYLE = Automatic;
				CURRENT_PROJECT_VERSION = 1;
				DEVELOPMENT_TEAM = W36N65RH8S;
				GENERATE_INFOPLIST_FILE = YES;
				INFOPLIST_FILE = NotificationService/Info.plist;
				INFOPLIST_KEY_CFBundleDisplayName = NotificationService;
				INFOPLIST_KEY_NSHumanReadableCopyright = "";
				IPHONEOS_DEPLOYMENT_TARGET = 17.5;
				LD_RUNPATH_SEARCH_PATHS = (
					"$(inherited)",
					"@executable_path/Frameworks",
					"@executable_path/../../Frameworks",
				);
				MARKETING_VERSION = 1.0;
				PRODUCT_BUNDLE_IDENTIFIER = "autopilot3.ortto-ios-demo-app.NotificationService";
				PRODUCT_NAME = "$(TARGET_NAME)";
				SDKROOT = iphoneos;
				SKIP_INSTALL = YES;
				SUPPORTED_PLATFORMS = "iphoneos iphonesimulator";
				SUPPORTS_MACCATALYST = NO;
				SUPPORTS_MAC_DESIGNED_FOR_IPHONE_IPAD = NO;
				SUPPORTS_XR_DESIGNED_FOR_IPHONE_IPAD = NO;
				SWIFT_EMIT_LOC_STRINGS = YES;
				SWIFT_VERSION = 5.0;
				TARGETED_DEVICE_FAMILY = 1;
				VALIDATE_PRODUCT = YES;
			};
			name = Release;
		};
		4ECAA93C2C5B23D500F7A31E /* Debug */ = {
			isa = XCBuildConfiguration;
			buildSettings = {
				ALWAYS_SEARCH_USER_PATHS = NO;
				ASSETCATALOG_COMPILER_GENERATE_SWIFT_ASSET_SYMBOL_EXTENSIONS = YES;
				CLANG_ANALYZER_NONNULL = YES;
				CLANG_ANALYZER_NUMBER_OBJECT_CONVERSION = YES_AGGRESSIVE;
				CLANG_CXX_LANGUAGE_STANDARD = "gnu++20";
				CLANG_ENABLE_MODULES = YES;
				CLANG_ENABLE_OBJC_ARC = YES;
				CLANG_ENABLE_OBJC_WEAK = YES;
				CLANG_WARN_BLOCK_CAPTURE_AUTORELEASING = YES;
				CLANG_WARN_BOOL_CONVERSION = YES;
				CLANG_WARN_COMMA = YES;
				CLANG_WARN_CONSTANT_CONVERSION = YES;
				CLANG_WARN_DEPRECATED_OBJC_IMPLEMENTATIONS = YES;
				CLANG_WARN_DIRECT_OBJC_ISA_USAGE = YES_ERROR;
				CLANG_WARN_DOCUMENTATION_COMMENTS = YES;
				CLANG_WARN_EMPTY_BODY = YES;
				CLANG_WARN_ENUM_CONVERSION = YES;
				CLANG_WARN_INFINITE_RECURSION = YES;
				CLANG_WARN_INT_CONVERSION = YES;
				CLANG_WARN_NON_LITERAL_NULL_CONVERSION = YES;
				CLANG_WARN_OBJC_IMPLICIT_RETAIN_SELF = YES;
				CLANG_WARN_OBJC_LITERAL_CONVERSION = YES;
				CLANG_WARN_OBJC_ROOT_CLASS = YES_ERROR;
				CLANG_WARN_QUOTED_INCLUDE_IN_FRAMEWORK_HEADER = YES;
				CLANG_WARN_RANGE_LOOP_ANALYSIS = YES;
				CLANG_WARN_STRICT_PROTOTYPES = YES;
				CLANG_WARN_SUSPICIOUS_MOVE = YES;
				CLANG_WARN_UNGUARDED_AVAILABILITY = YES_AGGRESSIVE;
				CLANG_WARN_UNREACHABLE_CODE = YES;
				CLANG_WARN__DUPLICATE_METHOD_MATCH = YES;
				COPY_PHASE_STRIP = NO;
				DEBUG_INFORMATION_FORMAT = dwarf;
				ENABLE_STRICT_OBJC_MSGSEND = YES;
				ENABLE_TESTABILITY = YES;
				ENABLE_USER_SCRIPT_SANDBOXING = YES;
				GCC_C_LANGUAGE_STANDARD = gnu17;
				GCC_DYNAMIC_NO_PIC = NO;
				GCC_NO_COMMON_BLOCKS = YES;
				GCC_OPTIMIZATION_LEVEL = 0;
				GCC_PREPROCESSOR_DEFINITIONS = (
					"DEBUG=1",
					"$(inherited)",
				);
				GCC_WARN_64_TO_32_BIT_CONVERSION = YES;
				GCC_WARN_ABOUT_RETURN_TYPE = YES_ERROR;
				GCC_WARN_UNDECLARED_SELECTOR = YES;
				GCC_WARN_UNINITIALIZED_AUTOS = YES_AGGRESSIVE;
				GCC_WARN_UNUSED_FUNCTION = YES;
				GCC_WARN_UNUSED_VARIABLE = YES;
				LOCALIZATION_PREFERS_STRING_CATALOGS = YES;
				MTL_ENABLE_DEBUG_INFO = INCLUDE_SOURCE;
				MTL_FAST_MATH = YES;
				ONLY_ACTIVE_ARCH = YES;
				SWIFT_ACTIVE_COMPILATION_CONDITIONS = "DEBUG $(inherited)";
				SWIFT_OPTIMIZATION_LEVEL = "-Onone";
			};
			name = Debug;
		};
		4ECAA93D2C5B23D500F7A31E /* Release */ = {
			isa = XCBuildConfiguration;
			buildSettings = {
				ALWAYS_SEARCH_USER_PATHS = NO;
				ASSETCATALOG_COMPILER_GENERATE_SWIFT_ASSET_SYMBOL_EXTENSIONS = YES;
				CLANG_ANALYZER_NONNULL = YES;
				CLANG_ANALYZER_NUMBER_OBJECT_CONVERSION = YES_AGGRESSIVE;
				CLANG_CXX_LANGUAGE_STANDARD = "gnu++20";
				CLANG_ENABLE_MODULES = YES;
				CLANG_ENABLE_OBJC_ARC = YES;
				CLANG_ENABLE_OBJC_WEAK = YES;
				CLANG_WARN_BLOCK_CAPTURE_AUTORELEASING = YES;
				CLANG_WARN_BOOL_CONVERSION = YES;
				CLANG_WARN_COMMA = YES;
				CLANG_WARN_CONSTANT_CONVERSION = YES;
				CLANG_WARN_DEPRECATED_OBJC_IMPLEMENTATIONS = YES;
				CLANG_WARN_DIRECT_OBJC_ISA_USAGE = YES_ERROR;
				CLANG_WARN_DOCUMENTATION_COMMENTS = YES;
				CLANG_WARN_EMPTY_BODY = YES;
				CLANG_WARN_ENUM_CONVERSION = YES;
				CLANG_WARN_INFINITE_RECURSION = YES;
				CLANG_WARN_INT_CONVERSION = YES;
				CLANG_WARN_NON_LITERAL_NULL_CONVERSION = YES;
				CLANG_WARN_OBJC_IMPLICIT_RETAIN_SELF = YES;
				CLANG_WARN_OBJC_LITERAL_CONVERSION = YES;
				CLANG_WARN_OBJC_ROOT_CLASS = YES_ERROR;
				CLANG_WARN_QUOTED_INCLUDE_IN_FRAMEWORK_HEADER = YES;
				CLANG_WARN_RANGE_LOOP_ANALYSIS = YES;
				CLANG_WARN_STRICT_PROTOTYPES = YES;
				CLANG_WARN_SUSPICIOUS_MOVE = YES;
				CLANG_WARN_UNGUARDED_AVAILABILITY = YES_AGGRESSIVE;
				CLANG_WARN_UNREACHABLE_CODE = YES;
				CLANG_WARN__DUPLICATE_METHOD_MATCH = YES;
				COPY_PHASE_STRIP = NO;
				DEBUG_INFORMATION_FORMAT = "dwarf-with-dsym";
				ENABLE_NS_ASSERTIONS = NO;
				ENABLE_STRICT_OBJC_MSGSEND = YES;
				ENABLE_USER_SCRIPT_SANDBOXING = YES;
				GCC_C_LANGUAGE_STANDARD = gnu17;
				GCC_NO_COMMON_BLOCKS = YES;
				GCC_WARN_64_TO_32_BIT_CONVERSION = YES;
				GCC_WARN_ABOUT_RETURN_TYPE = YES_ERROR;
				GCC_WARN_UNDECLARED_SELECTOR = YES;
				GCC_WARN_UNINITIALIZED_AUTOS = YES_AGGRESSIVE;
				GCC_WARN_UNUSED_FUNCTION = YES;
				GCC_WARN_UNUSED_VARIABLE = YES;
				LOCALIZATION_PREFERS_STRING_CATALOGS = YES;
				MTL_ENABLE_DEBUG_INFO = NO;
				MTL_FAST_MATH = YES;
				SWIFT_COMPILATION_MODE = wholemodule;
			};
			name = Release;
		};
		4ECAA93F2C5B23D500F7A31E /* Debug */ = {
			isa = XCBuildConfiguration;
			buildSettings = {
				ALWAYS_EMBED_SWIFT_STANDARD_LIBRARIES = YES;
				ASSETCATALOG_COMPILER_APPICON_NAME = AppIcon;
				ASSETCATALOG_COMPILER_GLOBAL_ACCENT_COLOR_NAME = AccentColor;
				CODE_SIGN_ENTITLEMENTS = "ortto-ios-demo-app/ortto_ios_demo_app.entitlements";
				CODE_SIGN_STYLE = Automatic;
				CURRENT_PROJECT_VERSION = 1;
				DEVELOPMENT_ASSET_PATHS = "\"ortto-ios-demo-app/Preview Content\"";
				DEVELOPMENT_TEAM = W36N65RH8S;
				ENABLE_HARDENED_RUNTIME = YES;
				ENABLE_PREVIEWS = YES;
				GENERATE_INFOPLIST_FILE = YES;
				"INFOPLIST_KEY_UIApplicationSceneManifest_Generation[sdk=iphoneos*]" = YES;
				"INFOPLIST_KEY_UIApplicationSceneManifest_Generation[sdk=iphonesimulator*]" = YES;
				"INFOPLIST_KEY_UIApplicationSupportsIndirectInputEvents[sdk=iphoneos*]" = YES;
				"INFOPLIST_KEY_UIApplicationSupportsIndirectInputEvents[sdk=iphonesimulator*]" = YES;
				"INFOPLIST_KEY_UILaunchScreen_Generation[sdk=iphoneos*]" = YES;
				"INFOPLIST_KEY_UILaunchScreen_Generation[sdk=iphonesimulator*]" = YES;
				"INFOPLIST_KEY_UIStatusBarStyle[sdk=iphoneos*]" = UIStatusBarStyleDefault;
				"INFOPLIST_KEY_UIStatusBarStyle[sdk=iphonesimulator*]" = UIStatusBarStyleDefault;
				INFOPLIST_KEY_UISupportedInterfaceOrientations_iPad = "UIInterfaceOrientationPortrait UIInterfaceOrientationPortraitUpsideDown UIInterfaceOrientationLandscapeLeft UIInterfaceOrientationLandscapeRight";
				INFOPLIST_KEY_UISupportedInterfaceOrientations_iPhone = "UIInterfaceOrientationPortrait UIInterfaceOrientationLandscapeLeft UIInterfaceOrientationLandscapeRight";
				IPHONEOS_DEPLOYMENT_TARGET = 17.5;
				LD_RUNPATH_SEARCH_PATHS = "@executable_path/Frameworks";
				"LD_RUNPATH_SEARCH_PATHS[sdk=macosx*]" = "@executable_path/../Frameworks";
				MACOSX_DEPLOYMENT_TARGET = 14.4;
				MARKETING_VERSION = 1.0;
				PRODUCT_BUNDLE_IDENTIFIER = "autopilot3.ortto-ios-demo-app";
				PRODUCT_NAME = "$(TARGET_NAME)";
				SDKROOT = auto;
				SUPPORTED_PLATFORMS = "iphoneos iphonesimulator";
				SUPPORTS_MACCATALYST = NO;
				SWIFT_EMIT_LOC_STRINGS = YES;
				SWIFT_VERSION = 5.0;
				TARGETED_DEVICE_FAMILY = 1;
			};
			name = Debug;
		};
		4ECAA9402C5B23D500F7A31E /* Release */ = {
			isa = XCBuildConfiguration;
			buildSettings = {
				ALWAYS_EMBED_SWIFT_STANDARD_LIBRARIES = YES;
				ASSETCATALOG_COMPILER_APPICON_NAME = AppIcon;
				ASSETCATALOG_COMPILER_GLOBAL_ACCENT_COLOR_NAME = AccentColor;
				CODE_SIGN_ENTITLEMENTS = "ortto-ios-demo-app/ortto_ios_demo_app.entitlements";
				CODE_SIGN_STYLE = Automatic;
				CURRENT_PROJECT_VERSION = 1;
				DEVELOPMENT_ASSET_PATHS = "\"ortto-ios-demo-app/Preview Content\"";
				DEVELOPMENT_TEAM = W36N65RH8S;
				ENABLE_HARDENED_RUNTIME = YES;
				ENABLE_PREVIEWS = YES;
				GENERATE_INFOPLIST_FILE = YES;
				"INFOPLIST_KEY_UIApplicationSceneManifest_Generation[sdk=iphoneos*]" = YES;
				"INFOPLIST_KEY_UIApplicationSceneManifest_Generation[sdk=iphonesimulator*]" = YES;
				"INFOPLIST_KEY_UIApplicationSupportsIndirectInputEvents[sdk=iphoneos*]" = YES;
				"INFOPLIST_KEY_UIApplicationSupportsIndirectInputEvents[sdk=iphonesimulator*]" = YES;
				"INFOPLIST_KEY_UILaunchScreen_Generation[sdk=iphoneos*]" = YES;
				"INFOPLIST_KEY_UILaunchScreen_Generation[sdk=iphonesimulator*]" = YES;
				"INFOPLIST_KEY_UIStatusBarStyle[sdk=iphoneos*]" = UIStatusBarStyleDefault;
				"INFOPLIST_KEY_UIStatusBarStyle[sdk=iphonesimulator*]" = UIStatusBarStyleDefault;
				INFOPLIST_KEY_UISupportedInterfaceOrientations_iPad = "UIInterfaceOrientationPortrait UIInterfaceOrientationPortraitUpsideDown UIInterfaceOrientationLandscapeLeft UIInterfaceOrientationLandscapeRight";
				INFOPLIST_KEY_UISupportedInterfaceOrientations_iPhone = "UIInterfaceOrientationPortrait UIInterfaceOrientationLandscapeLeft UIInterfaceOrientationLandscapeRight";
				IPHONEOS_DEPLOYMENT_TARGET = 17.5;
				LD_RUNPATH_SEARCH_PATHS = "@executable_path/Frameworks";
				"LD_RUNPATH_SEARCH_PATHS[sdk=macosx*]" = "@executable_path/../Frameworks";
				MACOSX_DEPLOYMENT_TARGET = 14.4;
				MARKETING_VERSION = 1.0;
				PRODUCT_BUNDLE_IDENTIFIER = "autopilot3.ortto-ios-demo-app";
				PRODUCT_NAME = "$(TARGET_NAME)";
				SDKROOT = auto;
				SUPPORTED_PLATFORMS = "iphoneos iphonesimulator";
				SUPPORTS_MACCATALYST = NO;
				SWIFT_EMIT_LOC_STRINGS = YES;
				SWIFT_VERSION = 5.0;
				TARGETED_DEVICE_FAMILY = 1;
			};
			name = Release;
		};
		4ECAA9422C5B23D500F7A31E /* Debug */ = {
			isa = XCBuildConfiguration;
			buildSettings = {
				ALWAYS_EMBED_SWIFT_STANDARD_LIBRARIES = YES;
				BUNDLE_LOADER = "$(TEST_HOST)";
				CODE_SIGN_STYLE = Automatic;
				CURRENT_PROJECT_VERSION = 1;
				DEVELOPMENT_TEAM = W36N65RH8S;
				GENERATE_INFOPLIST_FILE = YES;
				IPHONEOS_DEPLOYMENT_TARGET = 17.5;
				MACOSX_DEPLOYMENT_TARGET = 14.4;
				MARKETING_VERSION = 1.0;
				PRODUCT_BUNDLE_IDENTIFIER = "autopilot3.ortto-ios-demo-appTests";
				PRODUCT_NAME = "$(TARGET_NAME)";
				SDKROOT = auto;
				SUPPORTED_PLATFORMS = "iphoneos iphonesimulator macosx";
				SWIFT_EMIT_LOC_STRINGS = NO;
				SWIFT_VERSION = 5.0;
				TARGETED_DEVICE_FAMILY = "1,2";
				TEST_HOST = "$(BUILT_PRODUCTS_DIR)/ortto-ios-demo-app.app/$(BUNDLE_EXECUTABLE_FOLDER_PATH)/ortto-ios-demo-app";
			};
			name = Debug;
		};
		4ECAA9432C5B23D500F7A31E /* Release */ = {
			isa = XCBuildConfiguration;
			buildSettings = {
				ALWAYS_EMBED_SWIFT_STANDARD_LIBRARIES = YES;
				BUNDLE_LOADER = "$(TEST_HOST)";
				CODE_SIGN_STYLE = Automatic;
				CURRENT_PROJECT_VERSION = 1;
				DEVELOPMENT_TEAM = W36N65RH8S;
				GENERATE_INFOPLIST_FILE = YES;
				IPHONEOS_DEPLOYMENT_TARGET = 17.5;
				MACOSX_DEPLOYMENT_TARGET = 14.4;
				MARKETING_VERSION = 1.0;
				PRODUCT_BUNDLE_IDENTIFIER = "autopilot3.ortto-ios-demo-appTests";
				PRODUCT_NAME = "$(TARGET_NAME)";
				SDKROOT = auto;
				SUPPORTED_PLATFORMS = "iphoneos iphonesimulator macosx";
				SWIFT_EMIT_LOC_STRINGS = NO;
				SWIFT_VERSION = 5.0;
				TARGETED_DEVICE_FAMILY = "1,2";
				TEST_HOST = "$(BUILT_PRODUCTS_DIR)/ortto-ios-demo-app.app/$(BUNDLE_EXECUTABLE_FOLDER_PATH)/ortto-ios-demo-app";
			};
			name = Release;
		};
		4ECAA9452C5B23D500F7A31E /* Debug */ = {
			isa = XCBuildConfiguration;
			buildSettings = {
				ALWAYS_EMBED_SWIFT_STANDARD_LIBRARIES = YES;
				CODE_SIGN_STYLE = Automatic;
				CURRENT_PROJECT_VERSION = 1;
				DEVELOPMENT_TEAM = W36N65RH8S;
				GENERATE_INFOPLIST_FILE = YES;
				IPHONEOS_DEPLOYMENT_TARGET = 17.5;
				MACOSX_DEPLOYMENT_TARGET = 14.4;
				MARKETING_VERSION = 1.0;
				PRODUCT_BUNDLE_IDENTIFIER = "autopilot3.ortto-ios-demo-appUITests";
				PRODUCT_NAME = "$(TARGET_NAME)";
				SDKROOT = auto;
				SUPPORTED_PLATFORMS = "iphoneos iphonesimulator macosx";
				SWIFT_EMIT_LOC_STRINGS = NO;
				SWIFT_VERSION = 5.0;
				TARGETED_DEVICE_FAMILY = "1,2";
				TEST_TARGET_NAME = "ortto-ios-demo-app";
			};
			name = Debug;
		};
		4ECAA9462C5B23D500F7A31E /* Release */ = {
			isa = XCBuildConfiguration;
			buildSettings = {
				ALWAYS_EMBED_SWIFT_STANDARD_LIBRARIES = YES;
				CODE_SIGN_STYLE = Automatic;
				CURRENT_PROJECT_VERSION = 1;
				DEVELOPMENT_TEAM = W36N65RH8S;
				GENERATE_INFOPLIST_FILE = YES;
				IPHONEOS_DEPLOYMENT_TARGET = 17.5;
				MACOSX_DEPLOYMENT_TARGET = 14.4;
				MARKETING_VERSION = 1.0;
				PRODUCT_BUNDLE_IDENTIFIER = "autopilot3.ortto-ios-demo-appUITests";
				PRODUCT_NAME = "$(TARGET_NAME)";
				SDKROOT = auto;
				SUPPORTED_PLATFORMS = "iphoneos iphonesimulator macosx";
				SWIFT_EMIT_LOC_STRINGS = NO;
				SWIFT_VERSION = 5.0;
				TARGETED_DEVICE_FAMILY = "1,2";
				TEST_TARGET_NAME = "ortto-ios-demo-app";
			};
			name = Release;
		};
/* End XCBuildConfiguration section */

/* Begin XCConfigurationList section */
		4E4B0F112C6033DF00CF82D3 /* Build configuration list for PBXNativeTarget "NotificationService" */ = {
			isa = XCConfigurationList;
			buildConfigurations = (
				4E4B0F0F2C6033DF00CF82D3 /* Debug */,
				4E4B0F102C6033DF00CF82D3 /* Release */,
			);
			defaultConfigurationIsVisible = 0;
			defaultConfigurationName = Release;
		};
		4ECAA9142C5B23D300F7A31E /* Build configuration list for PBXProject "ortto-ios-demo-app" */ = {
			isa = XCConfigurationList;
			buildConfigurations = (
				4ECAA93C2C5B23D500F7A31E /* Debug */,
				4ECAA93D2C5B23D500F7A31E /* Release */,
			);
			defaultConfigurationIsVisible = 0;
			defaultConfigurationName = Release;
		};
		4ECAA93E2C5B23D500F7A31E /* Build configuration list for PBXNativeTarget "ortto-ios-demo-app" */ = {
			isa = XCConfigurationList;
			buildConfigurations = (
				4ECAA93F2C5B23D500F7A31E /* Debug */,
				4ECAA9402C5B23D500F7A31E /* Release */,
			);
			defaultConfigurationIsVisible = 0;
			defaultConfigurationName = Release;
		};
		4ECAA9412C5B23D500F7A31E /* Build configuration list for PBXNativeTarget "ortto-ios-demo-appTests" */ = {
			isa = XCConfigurationList;
			buildConfigurations = (
				4ECAA9422C5B23D500F7A31E /* Debug */,
				4ECAA9432C5B23D500F7A31E /* Release */,
			);
			defaultConfigurationIsVisible = 0;
			defaultConfigurationName = Release;
		};
		4ECAA9442C5B23D500F7A31E /* Build configuration list for PBXNativeTarget "ortto-ios-demo-appUITests" */ = {
			isa = XCConfigurationList;
			buildConfigurations = (
				4ECAA9452C5B23D500F7A31E /* Debug */,
				4ECAA9462C5B23D500F7A31E /* Release */,
			);
			defaultConfigurationIsVisible = 0;
			defaultConfigurationName = Release;
		};
/* End XCConfigurationList section */

/* Begin XCSwiftPackageProductDependency section */
		4E4B0F122C60343B00CF82D3 /* OrttoPushMessagingAPNS */ = {
			isa = XCSwiftPackageProductDependency;
			productName = OrttoPushMessagingAPNS;
		};
		4ECAA9572C5B56C800F7A31E /* OrttoPushMessagingAPNS */ = {
			isa = XCSwiftPackageProductDependency;
			productName = OrttoPushMessagingAPNS;
		};
		4ECAA9592C5B56C800F7A31E /* OrttoSDKCore */ = {
			isa = XCSwiftPackageProductDependency;
			productName = OrttoSDKCore;
		};
/* End XCSwiftPackageProductDependency section */
	};
	rootObject = 4ECAA9112C5B23D300F7A31E /* Project object */;
}
